
Microsoft Visual Studio Solution File, Format Version 12.00
# Visual Studio Version 17
VisualStudioVersion = 17.0.32112.339
MinimumVisualStudioVersion = 10.0.40219.1
Project("{FAE04EC0-301F-11D3-BF4B-00C04F79EFBC}") = "Dzhos_CSharp_04", "Dzhos_CSharp_04\Dzhos_CSharp_04.csproj", "{827AAE83-9BAE-4DBA-A707-06E7A45EA4CF}"
EndProject
Global
	GlobalSection(SolutionConfigurationPlatforms) = preSolution
		Debug|Any CPU = Debug|Any CPU
		Release|Any CPU = Release|Any CPU
	EndGlobalSection
	GlobalSection(ProjectConfigurationPlatforms) = postSolution
		{827AAE83-9BAE-4DBA-A707-06E7A45EA4CF}.Debug|Any CPU.ActiveCfg = Debug|Any CPU
		{827AAE83-9BAE-4DBA-A707-06E7A45EA4CF}.Debug|Any CPU.Build.0 = Debug|Any CPU
		{827AAE83-9BAE-4DBA-A707-06E7A45EA4CF}.Release|Any CPU.ActiveCfg = Release|Any CPU
		{827AAE83-9BAE-4DBA-A707-06E7A45EA4CF}.Release|Any CPU.Build.0 = Release|Any CPU
	EndGlobalSection
	GlobalSection(SolutionProperties) = preSolution
		HideSolutionNode = FALSE
	EndGlobalSection
	GlobalSection(ExtensibilityGlobals) = postSolution
		SolutionGuid = {977B14DC-6CCE-413E-9D18-7F35F5D8DC9B}
	EndGlobalSection
EndGlobal
